// !$*UTF8*$!
{
	archiveVersion = 1;
	classes = {
	};
	objectVersion = 46;
	objects = {

/* Begin PBXBuildFile section */
		1D11EF6A1E01D00E000FD93B /* AppDelegate.swift in Sources */ = {isa = PBXBuildFile; fileRef = 1D11EF691E01D00E000FD93B /* AppDelegate.swift */; };
		1D11EF6C1E01D00E000FD93B /* ViewController.swift in Sources */ = {isa = PBXBuildFile; fileRef = 1D11EF6B1E01D00E000FD93B /* ViewController.swift */; };
		1D11EF6F1E01D00E000FD93B /* Main.storyboard in Resources */ = {isa = PBXBuildFile; fileRef = 1D11EF6D1E01D00E000FD93B /* Main.storyboard */; };
		1D11EF711E01D00E000FD93B /* Assets.xcassets in Resources */ = {isa = PBXBuildFile; fileRef = 1D11EF701E01D00E000FD93B /* Assets.xcassets */; };
		1D11EF741E01D00E000FD93B /* LaunchScreen.storyboard in Resources */ = {isa = PBXBuildFile; fileRef = 1D11EF721E01D00E000FD93B /* LaunchScreen.storyboard */; };
		1D11EF7F1E01D00E000FD93B /* ScrollTests.swift in Sources */ = {isa = PBXBuildFile; fileRef = 1D11EF7E1E01D00E000FD93B /* ScrollTests.swift */; };
		1D11EF8A1E01D00E000FD93B /* ScrollUITests.swift in Sources */ = {isa = PBXBuildFile; fileRef = 1D11EF891E01D00E000FD93B /* ScrollUITests.swift */; };
/* End PBXBuildFile section */

/* Begin PBXContainerItemProxy section */
		1D11EF7B1E01D00E000FD93B /* PBXContainerItemProxy */ = {
			isa = PBXContainerItemProxy;
			containerPortal = 1D11EF5E1E01D00D000FD93B /* Project object */;
			proxyType = 1;
			remoteGlobalIDString = 1D11EF651E01D00D000FD93B;
			remoteInfo = Scroll;
		};
		1D11EF861E01D00E000FD93B /* PBXContainerItemProxy */ = {
			isa = PBXContainerItemProxy;
			containerPortal = 1D11EF5E1E01D00D000FD93B /* Project object */;
			proxyType = 1;
			remoteGlobalIDString = 1D11EF651E01D00D000FD93B;
			remoteInfo = Scroll;
		};
/* End PBXContainerItemProxy section */

/* Begin PBXFileReference section */
		1D11EF661E01D00E000FD93B /* Scroll.app */ = {isa = PBXFileReference; explicitFileType = wrapper.application; includeInIndex = 0; path = Scroll.app; sourceTree = BUILT_PRODUCTS_DIR; };
		1D11EF691E01D00E000FD93B /* AppDelegate.swift */ = {isa = PBXFileReference; lastKnownFileType = sourcecode.swift; path = AppDelegate.swift; sourceTree = "<group>"; };
		1D11EF6B1E01D00E000FD93B /* ViewController.swift */ = {isa = PBXFileReference; lastKnownFileType = sourcecode.swift; path = ViewController.swift; sourceTree = "<group>"; };
		1D11EF6E1E01D00E000FD93B /* Base */ = {isa = PBXFileReference; lastKnownFileType = file.storyboard; name = Base; path = Base.lproj/Main.storyboard; sourceTree = "<group>"; };
		1D11EF701E01D00E000FD93B /* Assets.xcassets */ = {isa = PBXFileReference; lastKnownFileType = folder.assetcatalog; path = Assets.xcassets; sourceTree = "<group>"; };
		1D11EF731E01D00E000FD93B /* Base */ = {isa = PBXFileReference; lastKnownFileType = file.storyboard; name = Base; path = Base.lproj/LaunchScreen.storyboard; sourceTree = "<group>"; };
		1D11EF751E01D00E000FD93B /* Info.plist */ = {isa = PBXFileReference; lastKnownFileType = text.plist.xml; path = Info.plist; sourceTree = "<group>"; };
		1D11EF7A1E01D00E000FD93B /* ScrollTests.xctest */ = {isa = PBXFileReference; explicitFileType = wrapper.cfbundle; includeInIndex = 0; path = ScrollTests.xctest; sourceTree = BUILT_PRODUCTS_DIR; };
		1D11EF7E1E01D00E000FD93B /* ScrollTests.swift */ = {isa = PBXFileReference; lastKnownFileType = sourcecode.swift; path = ScrollTests.swift; sourceTree = "<group>"; };
		1D11EF801E01D00E000FD93B /* Info.plist */ = {isa = PBXFileReference; lastKnownFileType = text.plist.xml; path = Info.plist; sourceTree = "<group>"; };
		1D11EF851E01D00E000FD93B /* ScrollUITests.xctest */ = {isa = PBXFileReference; explicitFileType = wrapper.cfbundle; includeInIndex = 0; path = ScrollUITests.xctest; sourceTree = BUILT_PRODUCTS_DIR; };
		1D11EF891E01D00E000FD93B /* ScrollUITests.swift */ = {isa = PBXFileReference; lastKnownFileType = sourcecode.swift; path = ScrollUITests.swift; sourceTree = "<group>"; };
		1D11EF8B1E01D00E000FD93B /* Info.plist */ = {isa = PBXFileReference; lastKnownFileType = text.plist.xml; path = Info.plist; sourceTree = "<group>"; };
/* End PBXFileReference section */

/* Begin PBXFrameworksBuildPhase section */
		1D11EF631E01D00D000FD93B /* Frameworks */ = {
			isa = PBXFrameworksBuildPhase;
			buildActionMask = 2147483647;
			files = (
			);
			runOnlyForDeploymentPostprocessing = 0;
		};
		1D11EF771E01D00E000FD93B /* Frameworks */ = {
			isa = PBXFrameworksBuildPhase;
			buildActionMask = 2147483647;
			files = (
			);
			runOnlyForDeploymentPostprocessing = 0;
		};
		1D11EF821E01D00E000FD93B /* Frameworks */ = {
			isa = PBXFrameworksBuildPhase;
			buildActionMask = 2147483647;
			files = (
			);
			runOnlyForDeploymentPostprocessing = 0;
		};
/* End PBXFrameworksBuildPhase section */

/* Begin PBXGroup section */
		1D11EF5D1E01D00D000FD93B = {
			isa = PBXGroup;
			children = (
				1D11EF681E01D00E000FD93B /* Scroll */,
				1D11EF7D1E01D00E000FD93B /* ScrollTests */,
				1D11EF881E01D00E000FD93B /* ScrollUITests */,
				1D11EF671E01D00E000FD93B /* Products */,
			);
			sourceTree = "<group>";
		};
		1D11EF671E01D00E000FD93B /* Products */ = {
			isa = PBXGroup;
			children = (
				1D11EF661E01D00E000FD93B /* Scroll.app */,
				1D11EF7A1E01D00E000FD93B /* ScrollTests.xctest */,
				1D11EF851E01D00E000FD93B /* ScrollUITests.xctest */,
			);
			name = Products;
			sourceTree = "<group>";
		};
		1D11EF681E01D00E000FD93B /* Scroll */ = {
			isa = PBXGroup;
			children = (
				1D11EF691E01D00E000FD93B /* AppDelegate.swift */,
				1D11EF6B1E01D00E000FD93B /* ViewController.swift */,
				1D11EF6D1E01D00E000FD93B /* Main.storyboard */,
				1D11EF701E01D00E000FD93B /* Assets.xcassets */,
				1D11EF721E01D00E000FD93B /* LaunchScreen.storyboard */,
				1D11EF751E01D00E000FD93B /* Info.plist */,
			);
			path = Scroll;
			sourceTree = "<group>";
		};
		1D11EF7D1E01D00E000FD93B /* ScrollTests */ = {
			isa = PBXGroup;
			children = (
				1D11EF7E1E01D00E000FD93B /* ScrollTests.swift */,
				1D11EF801E01D00E000FD93B /* Info.plist */,
			);
			path = ScrollTests;
			sourceTree = "<group>";
		};
		1D11EF881E01D00E000FD93B /* ScrollUITests */ = {
			isa = PBXGroup;
			children = (
				1D11EF891E01D00E000FD93B /* ScrollUITests.swift */,
				1D11EF8B1E01D00E000FD93B /* Info.plist */,
			);
			path = ScrollUITests;
			sourceTree = "<group>";
		};
/* End PBXGroup section */

/* Begin PBXNativeTarget section */
		1D11EF651E01D00D000FD93B /* Scroll */ = {
			isa = PBXNativeTarget;
			buildConfigurationList = 1D11EF8E1E01D00E000FD93B /* Build configuration list for PBXNativeTarget "Scroll" */;
			buildPhases = (
				1D11EF621E01D00D000FD93B /* Sources */,
				1D11EF631E01D00D000FD93B /* Frameworks */,
				1D11EF641E01D00D000FD93B /* Resources */,
			);
			buildRules = (
			);
			dependencies = (
			);
			name = Scroll;
			productName = Scroll;
			productReference = 1D11EF661E01D00E000FD93B /* Scroll.app */;
			productType = "com.apple.product-type.application";
		};
		1D11EF791E01D00E000FD93B /* ScrollTests */ = {
			isa = PBXNativeTarget;
			buildConfigurationList = 1D11EF911E01D00E000FD93B /* Build configuration list for PBXNativeTarget "ScrollTests" */;
			buildPhases = (
				1D11EF761E01D00E000FD93B /* Sources */,
				1D11EF771E01D00E000FD93B /* Frameworks */,
				1D11EF781E01D00E000FD93B /* Resources */,
			);
			buildRules = (
			);
			dependencies = (
				1D11EF7C1E01D00E000FD93B /* PBXTargetDependency */,
			);
			name = ScrollTests;
			productName = ScrollTests;
			productReference = 1D11EF7A1E01D00E000FD93B /* ScrollTests.xctest */;
			productType = "com.apple.product-type.bundle.unit-test";
		};
		1D11EF841E01D00E000FD93B /* ScrollUITests */ = {
			isa = PBXNativeTarget;
			buildConfigurationList = 1D11EF941E01D00E000FD93B /* Build configuration list for PBXNativeTarget "ScrollUITests" */;
			buildPhases = (
				1D11EF811E01D00E000FD93B /* Sources */,
				1D11EF821E01D00E000FD93B /* Frameworks */,
				1D11EF831E01D00E000FD93B /* Resources */,
			);
			buildRules = (
			);
			dependencies = (
				1D11EF871E01D00E000FD93B /* PBXTargetDependency */,
			);
			name = ScrollUITests;
			productName = ScrollUITests;
			productReference = 1D11EF851E01D00E000FD93B /* ScrollUITests.xctest */;
			productType = "com.apple.product-type.bundle.ui-testing";
		};
/* End PBXNativeTarget section */

/* Begin PBXProject section */
		1D11EF5E1E01D00D000FD93B /* Project object */ = {
			isa = PBXProject;
			attributes = {
				LastSwiftUpdateCheck = 0820;
				LastUpgradeCheck = 0820;
				ORGANIZATIONNAME = "Rick Lewis Industries";
				TargetAttributes = {
					1D11EF651E01D00D000FD93B = {
						CreatedOnToolsVersion = 8.2;
						ProvisioningStyle = Automatic;
					};
					1D11EF791E01D00E000FD93B = {
						CreatedOnToolsVersion = 8.2;
						ProvisioningStyle = Automatic;
						TestTargetID = 1D11EF651E01D00D000FD93B;
					};
					1D11EF841E01D00E000FD93B = {
						CreatedOnToolsVersion = 8.2;
						ProvisioningStyle = Automatic;
						TestTargetID = 1D11EF651E01D00D000FD93B;
					};
				};
			};
			buildConfigurationList = 1D11EF611E01D00D000FD93B /* Build configuration list for PBXProject "Scroll" */;
			compatibilityVersion = "Xcode 3.2";
			developmentRegion = English;
			hasScannedForEncodings = 0;
			knownRegions = (
				en,
				Base,
			);
			mainGroup = 1D11EF5D1E01D00D000FD93B;
			productRefGroup = 1D11EF671E01D00E000FD93B /* Products */;
			projectDirPath = "";
			projectRoot = "";
			targets = (
				1D11EF651E01D00D000FD93B /* Scroll */,
				1D11EF791E01D00E000FD93B /* ScrollTests */,
				1D11EF841E01D00E000FD93B /* ScrollUITests */,
			);
		};
/* End PBXProject section */

/* Begin PBXResourcesBuildPhase section */
		1D11EF641E01D00D000FD93B /* Resources */ = {
			isa = PBXResourcesBuildPhase;
			buildActionMask = 2147483647;
			files = (
				1D11EF741E01D00E000FD93B /* LaunchScreen.storyboard in Resources */,
				1D11EF711E01D00E000FD93B /* Assets.xcassets in Resources */,
				1D11EF6F1E01D00E000FD93B /* Main.storyboard in Resources */,
			);
			runOnlyForDeploymentPostprocessing = 0;
		};
		1D11EF781E01D00E000FD93B /* Resources */ = {
			isa = PBXResourcesBuildPhase;
			buildActionMask = 2147483647;
			files = (
			);
			runOnlyForDeploymentPostprocessing = 0;
		};
		1D11EF831E01D00E000FD93B /* Resources */ = {
			isa = PBXResourcesBuildPhase;
			buildActionMask = 2147483647;
			files = (
			);
			runOnlyForDeploymentPostprocessing = 0;
		};
/* End PBXResourcesBuildPhase section */

/* Begin PBXSourcesBuildPhase section */
		1D11EF621E01D00D000FD93B /* Sources */ = {
			isa = PBXSourcesBuildPhase;
			buildActionMask = 2147483647;
			files = (
				1D11EF6C1E01D00E000FD93B /* ViewController.swift in Sources */,
				1D11EF6A1E01D00E000FD93B /* AppDelegate.swift in Sources */,
			);
			runOnlyForDeploymentPostprocessing = 0;
		};
		1D11EF761E01D00E000FD93B /* Sources */ = {
			isa = PBXSourcesBuildPhase;
			buildActionMask = 2147483647;
			files = (
				1D11EF7F1E01D00E000FD93B /* ScrollTests.swift in Sources */,
			);
			runOnlyForDeploymentPostprocessing = 0;
		};
		1D11EF811E01D00E000FD93B /* Sources */ = {
			isa = PBXSourcesBuildPhase;
			buildActionMask = 2147483647;
			files = (
				1D11EF8A1E01D00E000FD93B /* ScrollUITests.swift in Sources */,
			);
			runOnlyForDeploymentPostprocessing = 0;
		};
/* End PBXSourcesBuildPhase section */

/* Begin PBXTargetDependency section */
		1D11EF7C1E01D00E000FD93B /* PBXTargetDependency */ = {
			isa = PBXTargetDependency;
			target = 1D11EF651E01D00D000FD93B /* Scroll */;
			targetProxy = 1D11EF7B1E01D00E000FD93B /* PBXContainerItemProxy */;
		};
		1D11EF871E01D00E000FD93B /* PBXTargetDependency */ = {
			isa = PBXTargetDependency;
			target = 1D11EF651E01D00D000FD93B /* Scroll */;
			targetProxy = 1D11EF861E01D00E000FD93B /* PBXContainerItemProxy */;
		};
/* End PBXTargetDependency section */

/* Begin PBXVariantGroup section */
		1D11EF6D1E01D00E000FD93B /* Main.storyboard */ = {
			isa = PBXVariantGroup;
			children = (
				1D11EF6E1E01D00E000FD93B /* Base */,
			);
			name = Main.storyboard;
			sourceTree = "<group>";
		};
		1D11EF721E01D00E000FD93B /* LaunchScreen.storyboard */ = {
			isa = PBXVariantGroup;
			children = (
				1D11EF731E01D00E000FD93B /* Base */,
			);
			name = LaunchScreen.storyboard;
			sourceTree = "<group>";
		};
/* End PBXVariantGroup section */

/* Begin XCBuildConfiguration section */
		1D11EF8C1E01D00E000FD93B /* Debug */ = {
			isa = XCBuildConfiguration;
			buildSettings = {
				ALWAYS_SEARCH_USER_PATHS = NO;
				CLANG_ANALYZER_NONNULL = YES;
				CLANG_CXX_LANGUAGE_STANDARD = "gnu++0x";
				CLANG_CXX_LIBRARY = "libc++";
				CLANG_ENABLE_MODULES = YES;
				CLANG_ENABLE_OBJC_ARC = YES;
				CLANG_WARN_BOOL_CONVERSION = YES;
				CLANG_WARN_CONSTANT_CONVERSION = YES;
				CLANG_WARN_DIRECT_OBJC_ISA_USAGE = YES_ERROR;
				CLANG_WARN_DOCUMENTATION_COMMENTS = YES;
				CLANG_WARN_EMPTY_BODY = YES;
				CLANG_WARN_ENUM_CONVERSION = YES;
				CLANG_WARN_INFINITE_RECURSION = YES;
				CLANG_WARN_INT_CONVERSION = YES;
				CLANG_WARN_OBJC_ROOT_CLASS = YES_ERROR;
				CLANG_WARN_SUSPICIOUS_MOVE = YES;
				CLANG_WARN_UNREACHABLE_CODE = YES;
				CLANG_WARN__DUPLICATE_METHOD_MATCH = YES;
				"CODE_SIGN_IDENTITY[sdk=iphoneos*]" = "iPhone Developer";
				COPY_PHASE_STRIP = NO;
				DEBUG_INFORMATION_FORMAT = dwarf;
				ENABLE_STRICT_OBJC_MSGSEND = YES;
				ENABLE_TESTABILITY = YES;
				GCC_C_LANGUAGE_STANDARD = gnu99;
				GCC_DYNAMIC_NO_PIC = NO;
				GCC_NO_COMMON_BLOCKS = YES;
				GCC_OPTIMIZATION_LEVEL = 0;
				GCC_PREPROCESSOR_DEFINITIONS = (
					"DEBUG=1",
					"$(inherited)",
				);
				GCC_WARN_64_TO_32_BIT_CONVERSION = YES;
				GCC_WARN_ABOUT_RETURN_TYPE = YES_ERROR;
				GCC_WARN_UNDECLARED_SELECTOR = YES;
				GCC_WARN_UNINITIALIZED_AUTOS = YES_AGGRESSIVE;
				GCC_WARN_UNUSED_FUNCTION = YES;
				GCC_WARN_UNUSED_VARIABLE = YES;
				IPHONEOS_DEPLOYMENT_TARGET = 10.2;
				MTL_ENABLE_DEBUG_INFO = YES;
				ONLY_ACTIVE_ARCH = YES;
				SDKROOT = iphoneos;
				SWIFT_ACTIVE_COMPILATION_CONDITIONS = DEBUG;
				SWIFT_OPTIMIZATION_LEVEL = "-Onone";
				TARGETED_DEVICE_FAMILY = "1,2";
			};
			name = Debug;
		};
		1D11EF8D1E01D00E000FD93B /* Release */ = {
			isa = XCBuildConfiguration;
			buildSettings = {
				ALWAYS_SEARCH_USER_PATHS = NO;
				CLANG_ANALYZER_NONNULL = YES;
				CLANG_CXX_LANGUAGE_STANDARD = "gnu++0x";
				CLANG_CXX_LIBRARY = "libc++";
				CLANG_ENABLE_MODULES = YES;
				CLANG_ENABLE_OBJC_ARC = YES;
				CLANG_WARN_BOOL_CONVERSION = YES;
				CLANG_WARN_CONSTANT_CONVERSION = YES;
				CLANG_WARN_DIRECT_OBJC_ISA_USAGE = YES_ERROR;
				CLANG_WARN_DOCUMENTATION_COMMENTS = YES;
				CLANG_WARN_EMPTY_BODY = YES;
				CLANG_WARN_ENUM_CONVERSION = YES;
				CLANG_WARN_INFINITE_RECURSION = YES;
				CLANG_WARN_INT_CONVERSION = YES;
				CLANG_WARN_OBJC_ROOT_CLASS = YES_ERROR;
				CLANG_WARN_SUSPICIOUS_MOVE = YES;
				CLANG_WARN_UNREACHABLE_CODE = YES;
				CLANG_WARN__DUPLICATE_METHOD_MATCH = YES;
				"CODE_SIGN_IDENTITY[sdk=iphoneos*]" = "iPhone Developer";
				COPY_PHASE_STRIP = NO;
				DEBUG_INFORMATION_FORMAT = "dwarf-with-dsym";
				ENABLE_NS_ASSERTIONS = NO;
				ENABLE_STRICT_OBJC_MSGSEND = YES;
				GCC_C_LANGUAGE_STANDARD = gnu99;
				GCC_NO_COMMON_BLOCKS = YES;
				GCC_WARN_64_TO_32_BIT_CONVERSION = YES;
				GCC_WARN_ABOUT_RETURN_TYPE = YES_ERROR;
				GCC_WARN_UNDECLARED_SELECTOR = YES;
				GCC_WARN_UNINITIALIZED_AUTOS = YES_AGGRESSIVE;
				GCC_WARN_UNUSED_FUNCTION = YES;
				GCC_WARN_UNUSED_VARIABLE = YES;
				IPHONEOS_DEPLOYMENT_TARGET = 10.2;
				MTL_ENABLE_DEBUG_INFO = NO;
				SDKROOT = iphoneos;
				SWIFT_OPTIMIZATION_LEVEL = "-Owholemodule";
				TARGETED_DEVICE_FAMILY = "1,2";
				VALIDATE_PRODUCT = YES;
			};
			name = Release;
		};
		1D11EF8F1E01D00E000FD93B /* Debug */ = {
			isa = XCBuildConfiguration;
			buildSettings = {
				ASSETCATALOG_COMPILER_APPICON_NAME = AppIcon;
				INFOPLIST_FILE = Scroll/Info.plist;
				LD_RUNPATH_SEARCH_PATHS = "$(inherited) @executable_path/Frameworks";
				PRODUCT_BUNDLE_IDENTIFIER = rli.Scroll;
				PRODUCT_NAME = "$(TARGET_NAME)";
				SWIFT_VERSION = 3.0;
			};
			name = Debug;
		};
		1D11EF901E01D00E000FD93B /* Release */ = {
			isa = XCBuildConfiguration;
			buildSettings = {
				ASSETCATALOG_COMPILER_APPICON_NAME = AppIcon;
				INFOPLIST_FILE = Scroll/Info.plist;
				LD_RUNPATH_SEARCH_PATHS = "$(inherited) @executable_path/Frameworks";
				PRODUCT_BUNDLE_IDENTIFIER = rli.Scroll;
				PRODUCT_NAME = "$(TARGET_NAME)";
				SWIFT_VERSION = 3.0;
			};
			name = Release;
		};
		1D11EF921E01D00E000FD93B /* Debug */ = {
			isa = XCBuildConfiguration;
			buildSettings = {
				ALWAYS_EMBED_SWIFT_STANDARD_LIBRARIES = YES;
				BUNDLE_LOADER = "$(TEST_HOST)";
				INFOPLIST_FILE = ScrollTests/Info.plist;
				LD_RUNPATH_SEARCH_PATHS = "$(inherited) @executable_path/Frameworks @loader_path/Frameworks";
				PRODUCT_BUNDLE_IDENTIFIER = rli.ScrollTests;
				PRODUCT_NAME = "$(TARGET_NAME)";
				SWIFT_VERSION = 3.0;
				TEST_HOST = "$(BUILT_PRODUCTS_DIR)/Scroll.app/Scroll";
			};
			name = Debug;
		};
		1D11EF931E01D00E000FD93B /* Release */ = {
			isa = XCBuildConfiguration;
			buildSettings = {
				ALWAYS_EMBED_SWIFT_STANDARD_LIBRARIES = YES;
				BUNDLE_LOADER = "$(TEST_HOST)";
				INFOPLIST_FILE = ScrollTests/Info.plist;
				LD_RUNPATH_SEARCH_PATHS = "$(inherited) @executable_path/Frameworks @loader_path/Frameworks";
				PRODUCT_BUNDLE_IDENTIFIER = rli.ScrollTests;
				PRODUCT_NAME = "$(TARGET_NAME)";
				SWIFT_VERSION = 3.0;
				TEST_HOST = "$(BUILT_PRODUCTS_DIR)/Scroll.app/Scroll";
			};
			name = Release;
		};
		1D11EF951E01D00E000FD93B /* Debug */ = {
			isa = XCBuildConfiguration;
			buildSettings = {
				ALWAYS_EMBED_SWIFT_STANDARD_LIBRARIES = YES;
				INFOPLIST_FILE = ScrollUITests/Info.plist;
				LD_RUNPATH_SEARCH_PATHS = "$(inherited) @executable_path/Frameworks @loader_path/Frameworks";
				PRODUCT_BUNDLE_IDENTIFIER = rli.ScrollUITests;
				PRODUCT_NAME = "$(TARGET_NAME)";
				SWIFT_VERSION = 3.0;
				TEST_TARGET_NAME = Scroll;
			};
			name = Debug;
		};
		1D11EF961E01D00E000FD93B /* Release */ = {
			isa = XCBuildConfiguration;
			buildSettings = {
				ALWAYS_EMBED_SWIFT_STANDARD_LIBRARIES = YES;
				INFOPLIST_FILE = ScrollUITests/Info.plist;
				LD_RUNPATH_SEARCH_PATHS = "$(inherited) @executable_path/Frameworks @loader_path/Frameworks";
				PRODUCT_BUNDLE_IDENTIFIER = rli.ScrollUITests;
				PRODUCT_NAME = "$(TARGET_NAME)";
				SWIFT_VERSION = 3.0;
				TEST_TARGET_NAME = Scroll;
			};
			name = Release;
		};
/* End XCBuildConfiguration section */

/* Begin XCConfigurationList section */
		1D11EF611E01D00D000FD93B /* Build configuration list for PBXProject "Scroll" */ = {
			isa = XCConfigurationList;
			buildConfigurations = (
				1D11EF8C1E01D00E000FD93B /* Debug */,
				1D11EF8D1E01D00E000FD93B /* Release */,
			);
			defaultConfigurationIsVisible = 0;
			defaultConfigurationName = Release;
		};
		1D11EF8E1E01D00E000FD93B /* Build configuration list for PBXNativeTarget "Scroll" */ = {
			isa = XCConfigurationList;
			buildConfigurations = (
				1D11EF8F1E01D00E000FD93B /* Debug */,
				1D11EF901E01D00E000FD93B /* Release */,
			);
			defaultConfigurationIsVisible = 0;
		};
		1D11EF911E01D00E000FD93B /* Build configuration list for PBXNativeTarget "ScrollTests" */ = {
			isa = XCConfigurationList;
			buildConfigurations = (
				1D11EF921E01D00E000FD93B /* Debug */,
				1D11EF931E01D00E000FD93B /* Release */,
			);
			defaultConfigurationIsVisible = 0;
		};
		1D11EF941E01D00E000FD93B /* Build configuration list for PBXNativeTarget "ScrollUITests" */ = {
			isa = XCConfigurationList;
			buildConfigurations = (
				1D11EF951E01D00E000FD93B /* Debug */,
				1D11EF961E01D00E000FD93B /* Release */,
			);
			defaultConfigurationIsVisible = 0;
		};
/* End XCConfigurationList section */
	};
	rootObject = 1D11EF5E1E01D00D000FD93B /* Project object */;
}
